
Microsoft Visual Studio Solution File, Format Version 12.00
# Visual Studio Version 16
VisualStudioVersion = 16.0.31205.134
MinimumVisualStudioVersion = 10.0.40219.1
Project("{9A19103F-16F7-4668-BE54-9A1E7A4F7556}") = "GoalVegan.API", "GoalVegan.API\GoalVegan.API.csproj", "{1E47D88B-E1AE-450E-9F72-BE733C6369EA}"
	ProjectSection(ProjectDependencies) = postProject
		{1780AADA-418F-4B13-917B-39974C4CEB6B} = {1780AADA-418F-4B13-917B-39974C4CEB6B}
		{54F765F9-2704-44F5-AD51-3C71A081E76D} = {54F765F9-2704-44F5-AD51-3C71A081E76D}
	EndProjectSection
EndProject
Project("{9A19103F-16F7-4668-BE54-9A1E7A4F7556}") = "GoalVegan.Core", "GoalVegan.Core\GoalVegan.Core.csproj", "{1780AADA-418F-4B13-917B-39974C4CEB6B}"
EndProject
Project("{9A19103F-16F7-4668-BE54-9A1E7A4F7556}") = "GoalVegan.Infrastructure", "GoalVegan.Infrastructure\GoalVegan.Infrastructure.csproj", "{54F765F9-2704-44F5-AD51-3C71A081E76D}"
EndProject
Project("{9A19103F-16F7-4668-BE54-9A1E7A4F7556}") = "GoalVegan.Application", "GoalVegan.Application\GoalVegan.Application.csproj", "{9D14D9EC-E7D1-4096-A46E-1D4F978C9AD8}"
EndProject
Global
	GlobalSection(SolutionConfigurationPlatforms) = preSolution
		Debug|Any CPU = Debug|Any CPU
		Release|Any CPU = Release|Any CPU
	EndGlobalSection
	GlobalSection(ProjectConfigurationPlatforms) = postSolution
		{1E47D88B-E1AE-450E-9F72-BE733C6369EA}.Debug|Any CPU.ActiveCfg = Debug|Any CPU
		{1E47D88B-E1AE-450E-9F72-BE733C6369EA}.Debug|Any CPU.Build.0 = Debug|Any CPU
		{1E47D88B-E1AE-450E-9F72-BE733C6369EA}.Release|Any CPU.ActiveCfg = Release|Any CPU
		{1E47D88B-E1AE-450E-9F72-BE733C6369EA}.Release|Any CPU.Build.0 = Release|Any CPU
		{1780AADA-418F-4B13-917B-39974C4CEB6B}.Debug|Any CPU.ActiveCfg = Debug|Any CPU
		{1780AADA-418F-4B13-917B-39974C4CEB6B}.Debug|Any CPU.Build.0 = Debug|Any CPU
		{1780AADA-418F-4B13-917B-39974C4CEB6B}.Release|Any CPU.ActiveCfg = Release|Any CPU
		{1780AADA-418F-4B13-917B-39974C4CEB6B}.Release|Any CPU.Build.0 = Release|Any CPU
		{54F765F9-2704-44F5-AD51-3C71A081E76D}.Debug|Any CPU.ActiveCfg = Debug|Any CPU
		{54F765F9-2704-44F5-AD51-3C71A081E76D}.Debug|Any CPU.Build.0 = Debug|Any CPU
		{54F765F9-2704-44F5-AD51-3C71A081E76D}.Release|Any CPU.ActiveCfg = Release|Any CPU
		{54F765F9-2704-44F5-AD51-3C71A081E76D}.Release|Any CPU.Build.0 = Release|Any CPU
		{9D14D9EC-E7D1-4096-A46E-1D4F978C9AD8}.Debug|Any CPU.ActiveCfg = Debug|Any CPU
		{9D14D9EC-E7D1-4096-A46E-1D4F978C9AD8}.Debug|Any CPU.Build.0 = Debug|Any CPU
		{9D14D9EC-E7D1-4096-A46E-1D4F978C9AD8}.Release|Any CPU.ActiveCfg = Release|Any CPU
		{9D14D9EC-E7D1-4096-A46E-1D4F978C9AD8}.Release|Any CPU.Build.0 = Release|Any CPU
	EndGlobalSection
	GlobalSection(SolutionProperties) = preSolution
		HideSolutionNode = FALSE
	EndGlobalSection
	GlobalSection(ExtensibilityGlobals) = postSolution
		SolutionGuid = {A18FC752-8401-4C5C-8591-8886E8FF0C6D}
	EndGlobalSection
EndGlobal
